
Microsoft Visual Studio Solution File, Format Version 11.00
# Visual Studio 2010
Project("{FAE04EC0-301F-11D3-BF4B-00C04F79EFBC}") = "unity-jenkins-testing", "Assembly-CSharp.csproj", "{DD5D9345-DF49-3658-93AC-8BB7F2963D88}"
EndProject
Project("{FAE04EC0-301F-11D3-BF4B-00C04F79EFBC}") = "unity-jenkins-testing", "Assembly-CSharp-Editor.csproj", "{7C00BCAE-7BC9-9B7E-8962-BB4E6787DAB9}"
EndProject
Global
	GlobalSection(SolutionConfigurationPlatforms) = preSolution
		Debug|Any CPU = Debug|Any CPU
		Release|Any CPU = Release|Any CPU
	EndGlobalSection
	GlobalSection(ProjectConfigurationPlatforms) = postSolution
		{DD5D9345-DF49-3658-93AC-8BB7F2963D88}.Debug|Any CPU.ActiveCfg = Debug|Any CPU
		{DD5D9345-DF49-3658-93AC-8BB7F2963D88}.Debug|Any CPU.Build.0 = Debug|Any CPU
		{DD5D9345-DF49-3658-93AC-8BB7F2963D88}.Release|Any CPU.ActiveCfg = Release|Any CPU
		{DD5D9345-DF49-3658-93AC-8BB7F2963D88}.Release|Any CPU.Build.0 = Release|Any CPU
		{7C00BCAE-7BC9-9B7E-8962-BB4E6787DAB9}.Debug|Any CPU.ActiveCfg = Debug|Any CPU
		{7C00BCAE-7BC9-9B7E-8962-BB4E6787DAB9}.Debug|Any CPU.Build.0 = Debug|Any CPU
		{7C00BCAE-7BC9-9B7E-8962-BB4E6787DAB9}.Release|Any CPU.ActiveCfg = Release|Any CPU
		{7C00BCAE-7BC9-9B7E-8962-BB4E6787DAB9}.Release|Any CPU.Build.0 = Release|Any CPU
	EndGlobalSection
	GlobalSection(SolutionProperties) = preSolution
		HideSolutionNode = FALSE
	EndGlobalSection
	GlobalSection(MonoDevelopProperties) = preSolution
		StartupItem = Assembly-CSharp.csproj
	EndGlobalSection
EndGlobal
